{
    "_readme": [
        "This file locks the dependencies of your project to a known state",
        "Read more about it at https://getcomposer.org/doc/01-basic-usage.md#installing-dependencies",
        "This file is @generated automatically"
    ],
    "content-hash": "bdb8274a9cb161b363a5489e8255047e",
    "packages": [
        {
            "name": "annmm85/collect",
            "version": "dev-main",
            "source": {
                "type": "git",
                "url": "https://github.com/annmm85/collect.git",
                "reference": "a9fc4c841cdc51d92cb7a62bcaf461c943d1a1aa"
            },
            "dist": {
                "type": "zip",
                "url": "https://api.github.com/repos/annmm85/collect/zipball/a9fc4c841cdc51d92cb7a62bcaf461c943d1a1aa",
                "reference": "a9fc4c841cdc51d92cb7a62bcaf461c943d1a1aa",
                "shasum": ""
            },
            "require": {
                "php": "^7.4 | ^8.0"
            },
            "default-branch": true,
            "type": "library",
            "autoload": {
                "files": [
                    "src/helpers.php"
                ],
                "psr-4": {
                    "Collect\\": "src/"
                }
            },
            "notification-url": "https://packagist.org/downloads/",
            "license": [
                "MIT"
            ],
            "authors": [
                {
                    "name": "annmm85",
                    "email": "8mona854@gmail.com"
                }
            ],
            "description": "Module for working with arrays",
            "support": {
                "issues": "https://github.com/annmm85/collect/issues",
                "source": "https://github.com/annmm85/collect/tree/main"
            },
            "time": "2024-04-16T03:13:43+00:00"
        }
    ],
    "packages-dev": [],
    "aliases": [],
    "minimum-stability": "dev",
    "stability-flags": {
        "annmm85/collect": 20
    },
    "prefer-stable": false,
    "prefer-lowest": false,
    "platform": {
        "php": "^7.4 | ^8.0"
    },
    "platform-dev": [],
    "plugin-api-version": "2.6.0"
}
